[[package]]
name = "atomicwrites"
version = "1.4.1"
description = "Atomic file writes."
category = "dev"
optional = false
python-versions = ">=2.7, !=3.0.*, !=3.1.*, !=3.2.*, !=3.3.*"

[[package]]
name = "attrs"
version = "22.1.0"
description = "Classes Without Boilerplate"
category = "dev"
optional = false
python-versions = ">=3.5"

[package.extras]
dev = ["cloudpickle", "coverage[toml] (>=5.0.2)", "furo", "hypothesis", "mypy (>=0.900,!=0.940)", "pre-commit", "pympler", "pytest (>=4.3.0)", "pytest-mypy-plugins", "sphinx", "sphinx-notfound-page", "zope.interface"]
docs = ["furo", "sphinx", "sphinx-notfound-page", "zope.interface"]
tests = ["cloudpickle", "coverage[toml] (>=5.0.2)", "hypothesis", "mypy (>=0.900,!=0.940)", "pympler", "pytest (>=4.3.0)", "pytest-mypy-plugins", "zope.interface"]
tests-no-zope = ["cloudpickle", "coverage[toml] (>=5.0.2)", "hypothesis", "mypy (>=0.900,!=0.940)", "pympler", "pytest (>=4.3.0)", "pytest-mypy-plugins"]

[[package]]
name = "black"
version = "22.10.0"
description = "The uncompromising code formatter."
category = "dev"
optional = false
python-versions = ">=3.7"

[package.dependencies]
click = ">=8.0.0"
mypy-extensions = ">=0.4.3"
pathspec = ">=0.9.0"
platformdirs = ">=2"
tomli = {version = ">=1.1.0", markers = "python_full_version < \"3.11.0a7\""}
typing-extensions = {version = ">=3.10.0.0", markers = "python_version < \"3.10\""}

[package.extras]
colorama = ["colorama (>=0.4.3)"]
d = ["aiohttp (>=3.7.4)"]
jupyter = ["ipython (>=7.8.0)", "tokenize-rt (>=3.2.0)"]
uvloop = ["uvloop (>=0.15.2)"]

[[package]]
name = "certifi"
version = "2022.9.24"
description = "Python package for providing Mozilla's CA Bundle."
category = "main"
optional = false
python-versions = ">=3.6"

[[package]]
name = "charset-normalizer"
version = "2.1.1"
description = "The Real First Universal Charset Detector. Open, modern and actively maintained alternative to Chardet."
category = "main"
optional = false
python-versions = ">=3.6.0"

[package.extras]
unicode-backport = ["unicodedata2"]

[[package]]
name = "click"
version = "8.1.3"
description = "Composable command line interface toolkit"
category = "dev"
optional = false
python-versions = ">=3.7"

[package.dependencies]
colorama = {version = "*", markers = "platform_system == \"Windows\""}

[[package]]
name = "colorama"
version = "0.4.6"
description = "Cross-platform colored terminal text."
category = "dev"
optional = false
python-versions = "!=3.0.*,!=3.1.*,!=3.2.*,!=3.3.*,!=3.4.*,!=3.5.*,!=3.6.*,>=2.7"

[[package]]
name = "coverage"
version = "5.5"
description = "Code coverage measurement for Python"
category = "dev"
optional = false
python-versions = ">=2.7, !=3.0.*, !=3.1.*, !=3.2.*, !=3.3.*, !=3.4.*, <4"

[package.extras]
toml = ["toml"]

[[package]]
name = "cssselect"
version = "1.2.0"
description = "cssselect parses CSS3 Selectors and translates them to XPath 1.0"
category = "main"
optional = false
python-versions = ">=3.7"

[[package]]
name = "curlify"
version = "2.2.1"
description = "Library to convert python requests object to curl command."
category = "main"
optional = false
python-versions = "*"

[package.dependencies]
requests = "*"

[[package]]
name = "distlib"
version = "0.3.6"
description = "Distribution utilities"
category = "dev"
optional = false
python-versions = "*"

[[package]]
name = "filelock"
version = "3.8.0"
description = "A platform independent file lock."
category = "dev"
optional = false
python-versions = ">=3.7"

[package.extras]
docs = ["furo (>=2022.6.21)", "sphinx (>=5.1.1)", "sphinx-autodoc-typehints (>=1.19.1)"]
testing = ["covdefaults (>=2.2)", "coverage (>=6.4.2)", "pytest (>=7.1.2)", "pytest-cov (>=3)", "pytest-timeout (>=2.1)"]

[[package]]
name = "flake8"
version = "3.9.2"
description = "the modular source code checker: pep8 pyflakes and co"
category = "dev"
optional = false
python-versions = "!=3.0.*,!=3.1.*,!=3.2.*,!=3.3.*,!=3.4.*,>=2.7"

[package.dependencies]
mccabe = ">=0.6.0,<0.7.0"
pycodestyle = ">=2.7.0,<2.8.0"
pyflakes = ">=2.3.0,<2.4.0"

[[package]]
name = "idna"
version = "3.4"
description = "Internationalized Domain Names in Applications (IDNA)"
category = "main"
optional = false
python-versions = ">=3.5"

[[package]]
name = "iniconfig"
version = "1.1.1"
description = "iniconfig: brain-dead simple config-ini parsing"
category = "dev"
optional = false
python-versions = "*"

[[package]]
name = "isort"
version = "5.10.1"
description = "A Python utility / library to sort Python imports."
category = "dev"
optional = false
python-versions = ">=3.6.1,<4.0"

[package.extras]
colors = ["colorama (>=0.4.3,<0.5.0)"]
pipfile-deprecated-finder = ["pipreqs", "requirementslib"]
plugins = ["setuptools"]
requirements-deprecated-finder = ["pip-api", "pipreqs"]

[[package]]
name = "lxml"
version = "4.9.1"
description = "Powerful and Pythonic XML processing library combining libxml2/libxslt with the ElementTree API."
category = "main"
optional = false
python-versions = ">=2.7, !=3.0.*, !=3.1.*, !=3.2.*, !=3.3.*, != 3.4.*"

[package.extras]
cssselect = ["cssselect (>=0.7)"]
html5 = ["html5lib"]
htmlsoup = ["BeautifulSoup4"]
source = ["Cython (>=0.29.7)"]

[[package]]
name = "mccabe"
version = "0.6.1"
description = "McCabe checker, plugin for flake8"
category = "dev"
optional = false
python-versions = "*"

[[package]]
name = "mypy-extensions"
version = "0.4.3"
description = "Experimental type system extensions for programs checked with the mypy typechecker."
category = "dev"
optional = false
python-versions = "*"

[[package]]
name = "packaging"
version = "21.3"
description = "Core utilities for Python packages"
category = "dev"
optional = false
python-versions = ">=3.6"

[package.dependencies]
pyparsing = ">=2.0.2,<3.0.5 || >3.0.5"

[[package]]
name = "pathspec"
version = "0.10.2"
description = "Utility library for gitignore style pattern matching of file paths."
category = "dev"
optional = false
python-versions = ">=3.7"

[[package]]
name = "platformdirs"
version = "2.5.4"
description = "A small Python package for determining appropriate platform-specific dirs, e.g. a \"user data dir\"."
category = "dev"
optional = false
python-versions = ">=3.7"

[package.extras]
docs = ["furo (>=2022.9.29)", "proselint (>=0.13)", "sphinx (>=5.3)", "sphinx-autodoc-typehints (>=1.19.4)"]
test = ["appdirs (==1.4.4)", "pytest (>=7.2)", "pytest-cov (>=4)", "pytest-mock (>=3.10)"]

[[package]]
name = "pluggy"
version = "1.0.0"
description = "plugin and hook calling mechanisms for python"
category = "dev"
optional = false
python-versions = ">=3.6"

[package.extras]
dev = ["pre-commit", "tox"]
testing = ["pytest", "pytest-benchmark"]

[[package]]
name = "py"
version = "1.11.0"
description = "library with cross-python path, ini-parsing, io, code, log facilities"
category = "dev"
optional = false
python-versions = ">=2.7, !=3.0.*, !=3.1.*, !=3.2.*, !=3.3.*, !=3.4.*"

[[package]]
name = "pycodestyle"
version = "2.7.0"
description = "Python style guide checker"
category = "dev"
optional = false
python-versions = ">=2.7, !=3.0.*, !=3.1.*, !=3.2.*, !=3.3.*"

[[package]]
name = "pyflakes"
version = "2.3.1"
description = "passive checker of Python programs"
category = "dev"
optional = false
python-versions = ">=2.7, !=3.0.*, !=3.1.*, !=3.2.*, !=3.3.*"

[[package]]
name = "pyparsing"
version = "3.0.9"
description = "pyparsing module - Classes and methods to define and execute parsing grammars"
category = "dev"
optional = false
python-versions = ">=3.6.8"

[package.extras]
diagrams = ["jinja2", "railroad-diagrams"]

[[package]]
name = "pytest"
version = "6.2.5"
description = "pytest: simple powerful testing with Python"
category = "dev"
optional = false
python-versions = ">=3.6"

[package.dependencies]
atomicwrites = {version = ">=1.0", markers = "sys_platform == \"win32\""}
attrs = ">=19.2.0"
colorama = {version = "*", markers = "sys_platform == \"win32\""}
iniconfig = "*"
packaging = "*"
pluggy = ">=0.12,<2.0"
py = ">=1.8.2"
toml = "*"

[package.extras]
testing = ["argcomplete", "hypothesis (>=3.56)", "mock", "nose", "requests", "xmlschema"]

[[package]]
name = "pytest-mock"
version = "3.10.0"
description = "Thin-wrapper around the mock package for easier use with pytest"
category = "dev"
optional = false
python-versions = ">=3.7"

[package.dependencies]
pytest = ">=5.0"

[package.extras]
dev = ["pre-commit", "pytest-asyncio", "tox"]

[[package]]
name = "requests"
version = "2.28.1"
description = "Python HTTP for Humans."
category = "main"
optional = false
python-versions = ">=3.7, <4"

[package.dependencies]
certifi = ">=2017.4.17"
charset-normalizer = ">=2,<3"
idna = ">=2.5,<4"
urllib3 = ">=1.21.1,<1.27"

[package.extras]
socks = ["PySocks (>=1.5.6,!=1.5.7)"]
use-chardet-on-py3 = ["chardet (>=3.0.2,<6)"]

[[package]]
name = "responses"
version = "0.13.4"
description = "A utility library for mocking out the `requests` Python library."
category = "dev"
optional = false
python-versions = ">=2.7, !=3.0.*, !=3.1.*, !=3.2.*, !=3.3.*, !=3.4.*"

[package.dependencies]
requests = ">=2.0"
six = "*"
urllib3 = ">=1.25.10"

[package.extras]
tests = ["coverage (>=3.7.1,<6.0.0)", "flake8", "mypy", "pytest (>=4.6)", "pytest (>=4.6,<5.0)", "pytest-cov", "pytest-localserver", "types-mock", "types-requests", "types-six"]

[[package]]
name = "six"
version = "1.16.0"
description = "Python 2 and 3 compatibility utilities"
category = "dev"
optional = false
python-versions = ">=2.7, !=3.0.*, !=3.1.*, !=3.2.*"

[[package]]
name = "toml"
version = "0.10.2"
description = "Python Library for Tom's Obvious, Minimal Language"
category = "dev"
optional = false
python-versions = ">=2.6, !=3.0.*, !=3.1.*, !=3.2.*"

[[package]]
name = "tomli"
version = "2.0.1"
description = "A lil' TOML parser"
category = "dev"
optional = false
python-versions = ">=3.7"

[[package]]
name = "tox"
version = "3.27.1"
description = "tox is a generic virtualenv management and test command line tool"
category = "dev"
optional = false
python-versions = "!=3.0.*,!=3.1.*,!=3.2.*,!=3.3.*,!=3.4.*,>=2.7"

[package.dependencies]
colorama = {version = ">=0.4.1", markers = "platform_system == \"Windows\""}
filelock = ">=3.0.0"
packaging = ">=14"
pluggy = ">=0.12.0"
py = ">=1.4.17"
six = ">=1.14.0"
tomli = {version = ">=2.0.1", markers = "python_version >= \"3.7\" and python_version < \"3.11\""}
virtualenv = ">=16.0.0,<20.0.0 || >20.0.0,<20.0.1 || >20.0.1,<20.0.2 || >20.0.2,<20.0.3 || >20.0.3,<20.0.4 || >20.0.4,<20.0.5 || >20.0.5,<20.0.6 || >20.0.6,<20.0.7 || >20.0.7"

[package.extras]
docs = ["pygments-github-lexers (>=0.0.5)", "sphinx (>=2.0.0)", "sphinxcontrib-autoprogram (>=0.1.5)", "towncrier (>=18.5.0)"]
testing = ["flaky (>=3.4.0)", "freezegun (>=0.3.11)", "pathlib2 (>=2.3.3)", "psutil (>=5.6.1)", "pytest (>=4.0.0)", "pytest-cov (>=2.5.1)", "pytest-mock (>=1.10.0)", "pytest-randomly (>=1.0.0)"]

[[package]]
name = "typing-extensions"
version = "4.4.0"
description = "Backported and Experimental Type Hints for Python 3.7+"
category = "dev"
optional = false
python-versions = ">=3.7"

[[package]]
name = "urllib3"
version = "1.26.13"
description = "HTTP library with thread-safe connection pooling, file post, and more."
category = "main"
optional = false
python-versions = ">=2.7, !=3.0.*, !=3.1.*, !=3.2.*, !=3.3.*, !=3.4.*, !=3.5.*"

[package.extras]
brotli = ["brotli (>=1.0.9)", "brotlicffi (>=0.8.0)", "brotlipy (>=0.6.0)"]
secure = ["certifi", "cryptography (>=1.3.4)", "idna (>=2.0.0)", "ipaddress", "pyOpenSSL (>=0.14)", "urllib3-secure-extra"]
socks = ["PySocks (>=1.5.6,!=1.5.7,<2.0)"]

[[package]]
name = "virtualenv"
version = "20.16.7"
description = "Virtual Python Environment builder"
category = "dev"
optional = false
python-versions = ">=3.6"

[package.dependencies]
distlib = ">=0.3.6,<1"
filelock = ">=3.4.1,<4"
platformdirs = ">=2.4,<3"

[package.extras]
docs = ["proselint (>=0.13)", "sphinx (>=5.3)", "sphinx-argparse (>=0.3.2)", "sphinx-rtd-theme (>=1)", "towncrier (>=22.8)"]
testing = ["coverage (>=6.2)", "coverage-enable-subprocess (>=1)", "flaky (>=3.7)", "packaging (>=21.3)", "pytest (>=7.0.1)", "pytest-env (>=0.6.2)", "pytest-freezegun (>=0.4.2)", "pytest-mock (>=3.6.1)", "pytest-randomly (>=3.10.3)", "pytest-timeout (>=2.1)"]

[metadata]
lock-version = "1.1"
python-versions = "^3.8"
content-hash = "c8dc7901eea7c89dca425872abe275d5a1fc8d6f1a1d39ebf7aa7cd632d7dc44"

[metadata.files]
atomicwrites = [
    {file = "atomicwrites-1.4.1.tar.gz", hash = "sha256:81b2c9071a49367a7f770170e5eec8cb66567cfbbc8c73d20ce5ca4a8d71cf11"},
]
attrs = [
    {file = "attrs-22.1.0-py2.py3-none-any.whl", hash = "sha256:86efa402f67bf2df34f51a335487cf46b1ec130d02b8d39fd248abfd30da551c"},
    {file = "attrs-22.1.0.tar.gz", hash = "sha256:29adc2665447e5191d0e7c568fde78b21f9672d344281d0c6e1ab085429b22b6"},
]
black = [
    {file = "black-22.10.0-1fixedarch-cp310-cp310-macosx_11_0_x86_64.whl", hash = "sha256:5cc42ca67989e9c3cf859e84c2bf014f6633db63d1cbdf8fdb666dcd9e77e3fa"},
    {file = "black-22.10.0-1fixedarch-cp311-cp311-macosx_11_0_x86_64.whl", hash = "sha256:5d8f74030e67087b219b032aa33a919fae8806d49c867846bfacde57f43972ef"},
    {file = "black-22.10.0-1fixedarch-cp37-cp37m-macosx_10_16_x86_64.whl", hash = "sha256:197df8509263b0b8614e1df1756b1dd41be6738eed2ba9e9769f3880c2b9d7b6"},
    {file = "black-22.10.0-1fixedarch-cp38-cp38-macosx_10_16_x86_64.whl", hash = "sha256:2644b5d63633702bc2c5f3754b1b475378fbbfb481f62319388235d0cd104c2d"},
    {file = "black-22.10.0-1fixedarch-cp39-cp39-macosx_11_0_x86_64.whl", hash = "sha256:e41a86c6c650bcecc6633ee3180d80a025db041a8e2398dcc059b3afa8382cd4"},
    {file = "black-22.10.0-cp310-cp310-macosx_11_0_arm64.whl", hash = "sha256:2039230db3c6c639bd84efe3292ec7b06e9214a2992cd9beb293d639c6402edb"},
    {file = "black-22.10.0-cp310-cp310-manylinux_2_17_x86_64.manylinux2014_x86_64.whl", hash = "sha256:14ff67aec0a47c424bc99b71005202045dc09270da44a27848d534600ac64fc7"},
    {file = "black-22.10.0-cp310-cp310-win_amd64.whl", hash = "sha256:819dc789f4498ecc91438a7de64427c73b45035e2e3680c92e18795a839ebb66"},
    {file = "black-22.10.0-cp311-cp311-macosx_11_0_arm64.whl", hash = "sha256:5b9b29da4f564ba8787c119f37d174f2b69cdfdf9015b7d8c5c16121ddc054ae"},
    {file = "black-22.10.0-cp311-cp311-manylinux_2_17_x86_64.manylinux2014_x86_64.whl", hash = "sha256:b8b49776299fece66bffaafe357d929ca9451450f5466e997a7285ab0fe28e3b"},
    {file = "black-22.10.0-cp311-cp311-win_amd64.whl", hash = "sha256:21199526696b8f09c3997e2b4db8d0b108d801a348414264d2eb8eb2532e540d"},
    {file = "black-22.10.0-cp37-cp37m-manylinux_2_17_x86_64.manylinux2014_x86_64.whl", hash = "sha256:1e464456d24e23d11fced2bc8c47ef66d471f845c7b7a42f3bd77bf3d1789650"},
    {file = "black-22.10.0-cp37-cp37m-win_amd64.whl", hash = "sha256:9311e99228ae10023300ecac05be5a296f60d2fd10fff31cf5c1fa4ca4b1988d"},
    {file = "black-22.10.0-cp38-cp38-macosx_11_0_arm64.whl", hash = "sha256:fba8a281e570adafb79f7755ac8721b6cf1bbf691186a287e990c7929c7692ff"},
    {file = "black-22.10.0-cp38-cp38-manylinux_2_17_x86_64.manylinux2014_x86_64.whl", hash = "sha256:915ace4ff03fdfff953962fa672d44be269deb2eaf88499a0f8805221bc68c87"},
    {file = "black-22.10.0-cp38-cp38-win_amd64.whl", hash = "sha256:444ebfb4e441254e87bad00c661fe32df9969b2bf224373a448d8aca2132b395"},
    {file = "black-22.10.0-cp39-cp39-macosx_11_0_arm64.whl", hash = "sha256:974308c58d057a651d182208a484ce80a26dac0caef2895836a92dd6ebd725e0"},
    {file = "black-22.10.0-cp39-cp39-manylinux_2_17_x86_64.manylinux2014_x86_64.whl", hash = "sha256:72ef3925f30e12a184889aac03d77d031056860ccae8a1e519f6cbb742736383"},
    {file = "black-22.10.0-cp39-cp39-win_amd64.whl", hash = "sha256:432247333090c8c5366e69627ccb363bc58514ae3e63f7fc75c54b1ea80fa7de"},
    {file = "black-22.10.0-py3-none-any.whl", hash = "sha256:c957b2b4ea88587b46cf49d1dc17681c1e672864fd7af32fc1e9664d572b3458"},
    {file = "black-22.10.0.tar.gz", hash = "sha256:f513588da599943e0cde4e32cc9879e825d58720d6557062d1098c5ad80080e1"},
]
certifi = [
    {file = "certifi-2022.9.24-py3-none-any.whl", hash = "sha256:90c1a32f1d68f940488354e36370f6cca89f0f106db09518524c88d6ed83f382"},
    {file = "certifi-2022.9.24.tar.gz", hash = "sha256:0d9c601124e5a6ba9712dbc60d9c53c21e34f5f641fe83002317394311bdce14"},
]
charset-normalizer = [
    {file = "charset-normalizer-2.1.1.tar.gz", hash = "sha256:5a3d016c7c547f69d6f81fb0db9449ce888b418b5b9952cc5e6e66843e9dd845"},
    {file = "charset_normalizer-2.1.1-py3-none-any.whl", hash = "sha256:83e9a75d1911279afd89352c68b45348559d1fc0506b054b346651b5e7fee29f"},
]
click = [
    {file = "click-8.1.3-py3-none-any.whl", hash = "sha256:bb4d8133cb15a609f44e8213d9b391b0809795062913b383c62be0ee95b1db48"},
    {file = "click-8.1.3.tar.gz", hash = "sha256:7682dc8afb30297001674575ea00d1814d808d6a36af415a82bd481d37ba7b8e"},
]
colorama = [
    {file = "colorama-0.4.6-py2.py3-none-any.whl", hash = "sha256:4f1d9991f5acc0ca119f9d443620b77f9d6b33703e51011c16baf57afb285fc6"},
    {file = "colorama-0.4.6.tar.gz", hash = "sha256:08695f5cb7ed6e0531a20572697297273c47b8cae5a63ffc6d6ed5c201be6e44"},
]
coverage = [
    {file = "coverage-5.5-cp27-cp27m-macosx_10_9_x86_64.whl", hash = "sha256:b6d534e4b2ab35c9f93f46229363e17f63c53ad01330df9f2d6bd1187e5eaacf"},
    {file = "coverage-5.5-cp27-cp27m-manylinux1_i686.whl", hash = "sha256:b7895207b4c843c76a25ab8c1e866261bcfe27bfaa20c192de5190121770672b"},
    {file = "coverage-5.5-cp27-cp27m-manylinux1_x86_64.whl", hash = "sha256:c2723d347ab06e7ddad1a58b2a821218239249a9e4365eaff6649d31180c1669"},
    {file = "coverage-5.5-cp27-cp27m-manylinux2010_i686.whl", hash = "sha256:900fbf7759501bc7807fd6638c947d7a831fc9fdf742dc10f02956ff7220fa90"},
    {file = "coverage-5.5-cp27-cp27m-manylinux2010_x86_64.whl", hash = "sha256:004d1880bed2d97151facef49f08e255a20ceb6f9432df75f4eef018fdd5a78c"},
    {file = "coverage-5.5-cp27-cp27m-win32.whl", hash = "sha256:06191eb60f8d8a5bc046f3799f8a07a2d7aefb9504b0209aff0b47298333302a"},
    {file = "coverage-5.5-cp27-cp27m-win_amd64.whl", hash = "sha256:7501140f755b725495941b43347ba8a2777407fc7f250d4f5a7d2a1050ba8e82"},
    {file = "coverage-5.5-cp27-cp27mu-manylinux1_i686.whl", hash = "sha256:372da284cfd642d8e08ef606917846fa2ee350f64994bebfbd3afb0040436905"},
    {file = "coverage-5.5-cp27-cp27mu-manylinux1_x86_64.whl", hash = "sha256:8963a499849a1fc54b35b1c9f162f4108017b2e6db2c46c1bed93a72262ed083"},
    {file = "coverage-5.5-cp27-cp27mu-manylinux2010_i686.whl", hash = "sha256:869a64f53488f40fa5b5b9dcb9e9b2962a66a87dab37790f3fcfb5144b996ef5"},
    {file = "coverage-5.5-cp27-cp27mu-manylinux2010_x86_64.whl", hash = "sha256:4a7697d8cb0f27399b0e393c0b90f0f1e40c82023ea4d45d22bce7032a5d7b81"},
    {file = "coverage-5.5-cp310-cp310-macosx_10_14_x86_64.whl", hash = "sha256:8d0a0725ad7c1a0bcd8d1b437e191107d457e2ec1084b9f190630a4fb1af78e6"},
    {file = "coverage-5.5-cp310-cp310-manylinux1_x86_64.whl", hash = "sha256:51cb9476a3987c8967ebab3f0fe144819781fca264f57f89760037a2ea191cb0"},
    {file = "coverage-5.5-cp310-cp310-win_amd64.whl", hash = "sha256:c0891a6a97b09c1f3e073a890514d5012eb256845c451bd48f7968ef939bf4ae"},
    {file = "coverage-5.5-cp35-cp35m-macosx_10_9_x86_64.whl", hash = "sha256:3487286bc29a5aa4b93a072e9592f22254291ce96a9fbc5251f566b6b7343cdb"},
    {file = "coverage-5.5-cp35-cp35m-manylinux1_i686.whl", hash = "sha256:deee1077aae10d8fa88cb02c845cfba9b62c55e1183f52f6ae6a2df6a2187160"},
    {file = "coverage-5.5-cp35-cp35m-manylinux1_x86_64.whl", hash = "sha256:f11642dddbb0253cc8853254301b51390ba0081750a8ac03f20ea8103f0c56b6"},
    {file = "coverage-5.5-cp35-cp35m-manylinux2010_i686.whl", hash = "sha256:6c90e11318f0d3c436a42409f2749ee1a115cd8b067d7f14c148f1ce5574d701"},
    {file = "coverage-5.5-cp35-cp35m-manylinux2010_x86_64.whl", hash = "sha256:30c77c1dc9f253283e34c27935fded5015f7d1abe83bc7821680ac444eaf7793"},
    {file = "coverage-5.5-cp35-cp35m-win32.whl", hash = "sha256:9a1ef3b66e38ef8618ce5fdc7bea3d9f45f3624e2a66295eea5e57966c85909e"},
    {file = "coverage-5.5-cp35-cp35m-win_amd64.whl", hash = "sha256:972c85d205b51e30e59525694670de6a8a89691186012535f9d7dbaa230e42c3"},
    {file = "coverage-5.5-cp36-cp36m-macosx_10_9_x86_64.whl", hash = "sha256:af0e781009aaf59e25c5a678122391cb0f345ac0ec272c7961dc5455e1c40066"},
    {file = "coverage-5.5-cp36-cp36m-manylinux1_i686.whl", hash = "sha256:74d881fc777ebb11c63736622b60cb9e4aee5cace591ce274fb69e582a12a61a"},
    {file = "coverage-5.5-cp36-cp36m-manylinux1_x86_64.whl", hash = "sha256:92b017ce34b68a7d67bd6d117e6d443a9bf63a2ecf8567bb3d8c6c7bc5014465"},
    {file = "coverage-5.5-cp36-cp36m-manylinux2010_i686.whl", hash = "sha256:d636598c8305e1f90b439dbf4f66437de4a5e3c31fdf47ad29542478c8508bbb"},
    {file = "coverage-5.5-cp36-cp36m-manylinux2010_x86_64.whl", hash = "sha256:41179b8a845742d1eb60449bdb2992196e211341818565abded11cfa90efb821"},
    {file = "coverage-5.5-cp36-cp36m-win32.whl", hash = "sha256:040af6c32813fa3eae5305d53f18875bedd079960822ef8ec067a66dd8afcd45"},
    {file = "coverage-5.5-cp36-cp36m-win_amd64.whl", hash = "sha256:5fec2d43a2cc6965edc0bb9e83e1e4b557f76f843a77a2496cbe719583ce8184"},
    {file = "coverage-5.5-cp37-cp37m-macosx_10_9_x86_64.whl", hash = "sha256:18ba8bbede96a2c3dde7b868de9dcbd55670690af0988713f0603f037848418a"},
    {file = "coverage-5.5-cp37-cp37m-manylinux1_i686.whl", hash = "sha256:2910f4d36a6a9b4214bb7038d537f015346f413a975d57ca6b43bf23d6563b53"},
    {file = "coverage-5.5-cp37-cp37m-manylinux1_x86_64.whl", hash = "sha256:f0b278ce10936db1a37e6954e15a3730bea96a0997c26d7fee88e6c396c2086d"},
    {file = "coverage-5.5-cp37-cp37m-manylinux2010_i686.whl", hash = "sha256:796c9c3c79747146ebd278dbe1e5c5c05dd6b10cc3bcb8389dfdf844f3ead638"},
    {file = "coverage-5.5-cp37-cp37m-manylinux2010_x86_64.whl", hash = "sha256:53194af30d5bad77fcba80e23a1441c71abfb3e01192034f8246e0d8f99528f3"},
    {file = "coverage-5.5-cp37-cp37m-win32.whl", hash = "sha256:184a47bbe0aa6400ed2d41d8e9ed868b8205046518c52464fde713ea06e3a74a"},
    {file = "coverage-5.5-cp37-cp37m-win_amd64.whl", hash = "sha256:2949cad1c5208b8298d5686d5a85b66aae46d73eec2c3e08c817dd3513e5848a"},
    {file = "coverage-5.5-cp38-cp38-macosx_10_9_x86_64.whl", hash = "sha256:217658ec7187497e3f3ebd901afdca1af062b42cfe3e0dafea4cced3983739f6"},
    {file = "coverage-5.5-cp38-cp38-manylinux1_i686.whl", hash = "sha256:1aa846f56c3d49205c952d8318e76ccc2ae23303351d9270ab220004c580cfe2"},
    {file = "coverage-5.5-cp38-cp38-manylinux1_x86_64.whl", hash = "sha256:24d4a7de75446be83244eabbff746d66b9240ae020ced65d060815fac3423759"},
    {file = "coverage-5.5-cp38-cp38-manylinux2010_i686.whl", hash = "sha256:d1f8bf7b90ba55699b3a5e44930e93ff0189aa27186e96071fac7dd0d06a1873"},
    {file = "coverage-5.5-cp38-cp38-manylinux2010_x86_64.whl", hash = "sha256:970284a88b99673ccb2e4e334cfb38a10aab7cd44f7457564d11898a74b62d0a"},
    {file = "coverage-5.5-cp38-cp38-win32.whl", hash = "sha256:01d84219b5cdbfc8122223b39a954820929497a1cb1422824bb86b07b74594b6"},
    {file = "coverage-5.5-cp38-cp38-win_amd64.whl", hash = "sha256:2e0d881ad471768bf6e6c2bf905d183543f10098e3b3640fc029509530091502"},
    {file = "coverage-5.5-cp39-cp39-macosx_10_9_x86_64.whl", hash = "sha256:d1f9ce122f83b2305592c11d64f181b87153fc2c2bbd3bb4a3dde8303cfb1a6b"},
    {file = "coverage-5.5-cp39-cp39-manylinux1_i686.whl", hash = "sha256:13c4ee887eca0f4c5a247b75398d4114c37882658300e153113dafb1d76de529"},
    {file = "coverage-5.5-cp39-cp39-manylinux1_x86_64.whl", hash = "sha256:52596d3d0e8bdf3af43db3e9ba8dcdaac724ba7b5ca3f6358529d56f7a166f8b"},
    {file = "coverage-5.5-cp39-cp39-manylinux2010_i686.whl", hash = "sha256:2cafbbb3af0733db200c9b5f798d18953b1a304d3f86a938367de1567f4b5bff"},
    {file = "coverage-5.5-cp39-cp39-manylinux2010_x86_64.whl", hash = "sha256:44d654437b8ddd9eee7d1eaee28b7219bec228520ff809af170488fd2fed3e2b"},
    {file = "coverage-5.5-cp39-cp39-win32.whl", hash = "sha256:d314ed732c25d29775e84a960c3c60808b682c08d86602ec2c3008e1202e3bb6"},
    {file = "coverage-5.5-cp39-cp39-win_amd64.whl", hash = "sha256:13034c4409db851670bc9acd836243aeee299949bd5673e11844befcb0149f03"},
    {file = "coverage-5.5-pp36-none-any.whl", hash = "sha256:f030f8873312a16414c0d8e1a1ddff2d3235655a2174e3648b4fa66b3f2f1079"},
    {file = "coverage-5.5-pp37-none-any.whl", hash = "sha256:2a3859cb82dcbda1cfd3e6f71c27081d18aa251d20a17d87d26d4cd216fb0af4"},
    {file = "coverage-5.5.tar.gz", hash = "sha256:ebe78fe9a0e874362175b02371bdfbee64d8edc42a044253ddf4ee7d3c15212c"},
]
cssselect = [
    {file = "cssselect-1.2.0-py2.py3-none-any.whl", hash = "sha256:da1885f0c10b60c03ed5eccbb6b68d6eff248d91976fcde348f395d54c9fd35e"},
    {file = "cssselect-1.2.0.tar.gz", hash = "sha256:666b19839cfaddb9ce9d36bfe4c969132c647b92fc9088c4e23f786b30f1b3dc"},
]
curlify = [
    {file = "curlify-2.2.1.tar.gz", hash = "sha256:0d3f02e7235faf952de8ef45ef469845196d30632d5838bcd5aee217726ddd6d"},
]
distlib = [
    {file = "distlib-0.3.6-py2.py3-none-any.whl", hash = "sha256:f35c4b692542ca110de7ef0bea44d73981caeb34ca0b9b6b2e6d7790dda8f80e"},
    {file = "distlib-0.3.6.tar.gz", hash = "sha256:14bad2d9b04d3a36127ac97f30b12a19268f211063d8f8ee4f47108896e11b46"},
]
filelock = [
    {file = "filelock-3.8.0-py3-none-any.whl", hash = "sha256:617eb4e5eedc82fc5f47b6d61e4d11cb837c56cb4544e39081099fa17ad109d4"},
    {file = "filelock-3.8.0.tar.gz", hash = "sha256:55447caa666f2198c5b6b13a26d2084d26fa5b115c00d065664b2124680c4edc"},
]
flake8 = [
    {file = "flake8-3.9.2-py2.py3-none-any.whl", hash = "sha256:bf8fd333346d844f616e8d47905ef3a3384edae6b4e9beb0c5101e25e3110907"},
    {file = "flake8-3.9.2.tar.gz", hash = "sha256:07528381786f2a6237b061f6e96610a4167b226cb926e2aa2b6b1d78057c576b"},
]
idna = [
    {file = "idna-3.4-py3-none-any.whl", hash = "sha256:90b77e79eaa3eba6de819a0c442c0b4ceefc341a7a2ab77d7562bf49f425c5c2"},
    {file = "idna-3.4.tar.gz", hash = "sha256:814f528e8dead7d329833b91c5faa87d60bf71824cd12a7530b5526063d02cb4"},
]
iniconfig = [
    {file = "iniconfig-1.1.1-py2.py3-none-any.whl", hash = "sha256:011e24c64b7f47f6ebd835bb12a743f2fbe9a26d4cecaa7f53bc4f35ee9da8b3"},
    {file = "iniconfig-1.1.1.tar.gz", hash = "sha256:bc3af051d7d14b2ee5ef9969666def0cd1a000e121eaea580d4a313df4b37f32"},
]
isort = [
    {file = "isort-5.10.1-py3-none-any.whl", hash = "sha256:6f62d78e2f89b4500b080fe3a81690850cd254227f27f75c3a0c491a1f351ba7"},
    {file = "isort-5.10.1.tar.gz", hash = "sha256:e8443a5e7a020e9d7f97f1d7d9cd17c88bcb3bc7e218bf9cf5095fe550be2951"},
]
lxml = [
    {file = "lxml-4.9.1-cp27-cp27m-macosx_10_15_x86_64.whl", hash = "sha256:98cafc618614d72b02185ac583c6f7796202062c41d2eeecdf07820bad3295ed"},
    {file = "lxml-4.9.1-cp27-cp27m-manylinux_2_5_i686.manylinux1_i686.whl", hash = "sha256:c62e8dd9754b7debda0c5ba59d34509c4688f853588d75b53c3791983faa96fc"},
    {file = "lxml-4.9.1-cp27-cp27m-manylinux_2_5_x86_64.manylinux1_x86_64.whl", hash = "sha256:21fb3d24ab430fc538a96e9fbb9b150029914805d551deeac7d7822f64631dfc"},
    {file = "lxml-4.9.1-cp27-cp27m-win32.whl", hash = "sha256:86e92728ef3fc842c50a5cb1d5ba2bc66db7da08a7af53fb3da79e202d1b2cd3"},
    {file = "lxml-4.9.1-cp27-cp27m-win_amd64.whl", hash = "sha256:4cfbe42c686f33944e12f45a27d25a492cc0e43e1dc1da5d6a87cbcaf2e95627"},
    {file = "lxml-4.9.1-cp27-cp27mu-manylinux_2_5_i686.manylinux1_i686.whl", hash = "sha256:dad7b164905d3e534883281c050180afcf1e230c3d4a54e8038aa5cfcf312b84"},
    {file = "lxml-4.9.1-cp27-cp27mu-manylinux_2_5_x86_64.manylinux1_x86_64.whl", hash = "sha256:a614e4afed58c14254e67862456d212c4dcceebab2eaa44d627c2ca04bf86837"},
    {file = "lxml-4.9.1-cp310-cp310-manylinux_2_12_i686.manylinux2010_i686.manylinux_2_24_i686.whl", hash = "sha256:f9ced82717c7ec65a67667bb05865ffe38af0e835cdd78728f1209c8fffe0cad"},
    {file = "lxml-4.9.1-cp310-cp310-manylinux_2_17_aarch64.manylinux2014_aarch64.manylinux_2_24_aarch64.whl", hash = "sha256:d9fc0bf3ff86c17348dfc5d322f627d78273eba545db865c3cd14b3f19e57fa5"},
    {file = "lxml-4.9.1-cp310-cp310-manylinux_2_17_x86_64.manylinux2014_x86_64.manylinux_2_24_x86_64.whl", hash = "sha256:e5f66bdf0976ec667fc4594d2812a00b07ed14d1b44259d19a41ae3fff99f2b8"},
    {file = "lxml-4.9.1-cp310-cp310-musllinux_1_1_aarch64.whl", hash = "sha256:fe17d10b97fdf58155f858606bddb4e037b805a60ae023c009f760d8361a4eb8"},
    {file = "lxml-4.9.1-cp310-cp310-musllinux_1_1_x86_64.whl", hash = "sha256:8caf4d16b31961e964c62194ea3e26a0e9561cdf72eecb1781458b67ec83423d"},
    {file = "lxml-4.9.1-cp310-cp310-win32.whl", hash = "sha256:4780677767dd52b99f0af1f123bc2c22873d30b474aa0e2fc3fe5e02217687c7"},
    {file = "lxml-4.9.1-cp310-cp310-win_amd64.whl", hash = "sha256:b122a188cd292c4d2fcd78d04f863b789ef43aa129b233d7c9004de08693728b"},
    {file = "lxml-4.9.1-cp311-cp311-manylinux_2_12_i686.manylinux2010_i686.manylinux_2_24_i686.whl", hash = "sha256:be9eb06489bc975c38706902cbc6888f39e946b81383abc2838d186f0e8b6a9d"},
    {file = "lxml-4.9.1-cp311-cp311-manylinux_2_17_x86_64.manylinux2014_x86_64.manylinux_2_24_x86_64.whl", hash = "sha256:f1be258c4d3dc609e654a1dc59d37b17d7fef05df912c01fc2e15eb43a9735f3"},
    {file = "lxml-4.9.1-cp311-cp311-musllinux_1_1_x86_64.whl", hash = "sha256:927a9dd016d6033bc12e0bf5dee1dde140235fc8d0d51099353c76081c03dc29"},
    {file = "lxml-4.9.1-cp35-cp35m-manylinux_2_5_i686.manylinux1_i686.whl", hash = "sha256:9232b09f5efee6a495a99ae6824881940d6447debe272ea400c02e3b68aad85d"},
    {file = "lxml-4.9.1-cp35-cp35m-manylinux_2_5_x86_64.manylinux1_x86_64.whl", hash = "sha256:04da965dfebb5dac2619cb90fcf93efdb35b3c6994fea58a157a834f2f94b318"},
    {file = "lxml-4.9.1-cp35-cp35m-win32.whl", hash = "sha256:4d5bae0a37af799207140652a700f21a85946f107a199bcb06720b13a4f1f0b7"},
    {file = "lxml-4.9.1-cp35-cp35m-win_amd64.whl", hash = "sha256:4878e667ebabe9b65e785ac8da4d48886fe81193a84bbe49f12acff8f7a383a4"},
    {file = "lxml-4.9.1-cp36-cp36m-macosx_10_15_x86_64.whl", hash = "sha256:1355755b62c28950f9ce123c7a41460ed9743c699905cbe664a5bcc5c9c7c7fb"},
    {file = "lxml-4.9.1-cp36-cp36m-manylinux_2_12_i686.manylinux2010_i686.manylinux_2_24_i686.whl", hash = "sha256:bcaa1c495ce623966d9fc8a187da80082334236a2a1c7e141763ffaf7a405067"},
    {file = "lxml-4.9.1-cp36-cp36m-manylinux_2_17_aarch64.manylinux2014_aarch64.whl", hash = "sha256:6eafc048ea3f1b3c136c71a86db393be36b5b3d9c87b1c25204e7d397cee9536"},
    {file = "lxml-4.9.1-cp36-cp36m-manylinux_2_17_x86_64.manylinux2014_x86_64.manylinux_2_24_x86_64.whl", hash = "sha256:13c90064b224e10c14dcdf8086688d3f0e612db53766e7478d7754703295c7c8"},
    {file = "lxml-4.9.1-cp36-cp36m-manylinux_2_5_i686.manylinux1_i686.whl", hash = "sha256:206a51077773c6c5d2ce1991327cda719063a47adc02bd703c56a662cdb6c58b"},
    {file = "lxml-4.9.1-cp36-cp36m-manylinux_2_5_x86_64.manylinux1_x86_64.whl", hash = "sha256:e8f0c9d65da595cfe91713bc1222af9ecabd37971762cb830dea2fc3b3bb2acf"},
    {file = "lxml-4.9.1-cp36-cp36m-musllinux_1_1_aarch64.whl", hash = "sha256:8f0a4d179c9a941eb80c3a63cdb495e539e064f8054230844dcf2fcb812b71d3"},
    {file = "lxml-4.9.1-cp36-cp36m-musllinux_1_1_x86_64.whl", hash = "sha256:830c88747dce8a3e7525defa68afd742b4580df6aa2fdd6f0855481e3994d391"},
    {file = "lxml-4.9.1-cp36-cp36m-win32.whl", hash = "sha256:1e1cf47774373777936c5aabad489fef7b1c087dcd1f426b621fda9dcc12994e"},
    {file = "lxml-4.9.1-cp36-cp36m-win_amd64.whl", hash = "sha256:5974895115737a74a00b321e339b9c3f45c20275d226398ae79ac008d908bff7"},
    {file = "lxml-4.9.1-cp37-cp37m-macosx_10_15_x86_64.whl", hash = "sha256:1423631e3d51008871299525b541413c9b6c6423593e89f9c4cfbe8460afc0a2"},
    {file = "lxml-4.9.1-cp37-cp37m-manylinux_2_12_i686.manylinux2010_i686.manylinux_2_24_i686.whl", hash = "sha256:2aaf6a0a6465d39b5ca69688fce82d20088c1838534982996ec46633dc7ad6cc"},
    {file = "lxml-4.9.1-cp37-cp37m-manylinux_2_17_aarch64.manylinux2014_aarch64.manylinux_2_24_aarch64.whl", hash = "sha256:9f36de4cd0c262dd9927886cc2305aa3f2210db437aa4fed3fb4940b8bf4592c"},
    {file = "lxml-4.9.1-cp37-cp37m-manylinux_2_17_x86_64.manylinux2014_x86_64.manylinux_2_24_x86_64.whl", hash = "sha256:ae06c1e4bc60ee076292e582a7512f304abdf6c70db59b56745cca1684f875a4"},
    {file = "lxml-4.9.1-cp37-cp37m-manylinux_2_5_i686.manylinux1_i686.whl", hash = "sha256:57e4d637258703d14171b54203fd6822fda218c6c2658a7d30816b10995f29f3"},
    {file = "lxml-4.9.1-cp37-cp37m-manylinux_2_5_x86_64.manylinux1_x86_64.whl", hash = "sha256:6d279033bf614953c3fc4a0aa9ac33a21e8044ca72d4fa8b9273fe75359d5cca"},
    {file = "lxml-4.9.1-cp37-cp37m-musllinux_1_1_aarch64.whl", hash = "sha256:a60f90bba4c37962cbf210f0188ecca87daafdf60271f4c6948606e4dabf8785"},
    {file = "lxml-4.9.1-cp37-cp37m-musllinux_1_1_x86_64.whl", hash = "sha256:6ca2264f341dd81e41f3fffecec6e446aa2121e0b8d026fb5130e02de1402785"},
    {file = "lxml-4.9.1-cp37-cp37m-win32.whl", hash = "sha256:27e590352c76156f50f538dbcebd1925317a0f70540f7dc8c97d2931c595783a"},
    {file = "lxml-4.9.1-cp37-cp37m-win_amd64.whl", hash = "sha256:eea5d6443b093e1545ad0210e6cf27f920482bfcf5c77cdc8596aec73523bb7e"},
    {file = "lxml-4.9.1-cp38-cp38-macosx_10_15_x86_64.whl", hash = "sha256:f05251bbc2145349b8d0b77c0d4e5f3b228418807b1ee27cefb11f69ed3d233b"},
    {file = "lxml-4.9.1-cp38-cp38-manylinux_2_12_i686.manylinux2010_i686.manylinux_2_24_i686.whl", hash = "sha256:487c8e61d7acc50b8be82bda8c8d21d20e133c3cbf41bd8ad7eb1aaeb3f07c97"},
    {file = "lxml-4.9.1-cp38-cp38-manylinux_2_17_aarch64.manylinux2014_aarch64.manylinux_2_24_aarch64.whl", hash = "sha256:8d1a92d8e90b286d491e5626af53afef2ba04da33e82e30744795c71880eaa21"},
    {file = "lxml-4.9.1-cp38-cp38-manylinux_2_17_x86_64.manylinux2014_x86_64.manylinux_2_24_x86_64.whl", hash = "sha256:b570da8cd0012f4af9fa76a5635cd31f707473e65a5a335b186069d5c7121ff2"},
    {file = "lxml-4.9.1-cp38-cp38-manylinux_2_5_i686.manylinux1_i686.whl", hash = "sha256:5ef87fca280fb15342726bd5f980f6faf8b84a5287fcc2d4962ea8af88b35130"},
    {file = "lxml-4.9.1-cp38-cp38-manylinux_2_5_x86_64.manylinux1_x86_64.whl", hash = "sha256:93e414e3206779ef41e5ff2448067213febf260ba747fc65389a3ddaa3fb8715"},
    {file = "lxml-4.9.1-cp38-cp38-musllinux_1_1_aarch64.whl", hash = "sha256:6653071f4f9bac46fbc30f3c7838b0e9063ee335908c5d61fb7a4a86c8fd2036"},
    {file = "lxml-4.9.1-cp38-cp38-musllinux_1_1_x86_64.whl", hash = "sha256:32a73c53783becdb7eaf75a2a1525ea8e49379fb7248c3eeefb9412123536387"},
    {file = "lxml-4.9.1-cp38-cp38-win32.whl", hash = "sha256:1a7c59c6ffd6ef5db362b798f350e24ab2cfa5700d53ac6681918f314a4d3b94"},
    {file = "lxml-4.9.1-cp38-cp38-win_amd64.whl", hash = "sha256:1436cf0063bba7888e43f1ba8d58824f085410ea2025befe81150aceb123e345"},
    {file = "lxml-4.9.1-cp39-cp39-macosx_10_15_x86_64.whl", hash = "sha256:4beea0f31491bc086991b97517b9683e5cfb369205dac0148ef685ac12a20a67"},
    {file = "lxml-4.9.1-cp39-cp39-manylinux_2_12_i686.manylinux2010_i686.manylinux_2_24_i686.whl", hash = "sha256:41fb58868b816c202e8881fd0f179a4644ce6e7cbbb248ef0283a34b73ec73bb"},
    {file = "lxml-4.9.1-cp39-cp39-manylinux_2_17_aarch64.manylinux2014_aarch64.manylinux_2_24_aarch64.whl", hash = "sha256:bd34f6d1810d9354dc7e35158aa6cc33456be7706df4420819af6ed966e85448"},
    {file = "lxml-4.9.1-cp39-cp39-manylinux_2_17_x86_64.manylinux2014_x86_64.manylinux_2_24_x86_64.whl", hash = "sha256:edffbe3c510d8f4bf8640e02ca019e48a9b72357318383ca60e3330c23aaffc7"},
    {file = "lxml-4.9.1-cp39-cp39-manylinux_2_5_i686.manylinux1_i686.whl", hash = "sha256:6d949f53ad4fc7cf02c44d6678e7ff05ec5f5552b235b9e136bd52e9bf730b91"},
    {file = "lxml-4.9.1-cp39-cp39-manylinux_2_5_x86_64.manylinux1_x86_64.whl", hash = "sha256:079b68f197c796e42aa80b1f739f058dcee796dc725cc9a1be0cdb08fc45b000"},
    {file = "lxml-4.9.1-cp39-cp39-musllinux_1_1_aarch64.whl", hash = "sha256:9c3a88d20e4fe4a2a4a84bf439a5ac9c9aba400b85244c63a1ab7088f85d9d25"},
    {file = "lxml-4.9.1-cp39-cp39-musllinux_1_1_x86_64.whl", hash = "sha256:4e285b5f2bf321fc0857b491b5028c5f276ec0c873b985d58d7748ece1d770dd"},
    {file = "lxml-4.9.1-cp39-cp39-win32.whl", hash = "sha256:ef72013e20dd5ba86a8ae1aed7f56f31d3374189aa8b433e7b12ad182c0d2dfb"},
    {file = "lxml-4.9.1-cp39-cp39-win_amd64.whl", hash = "sha256:10d2017f9150248563bb579cd0d07c61c58da85c922b780060dcc9a3aa9f432d"},
    {file = "lxml-4.9.1-pp37-pypy37_pp73-macosx_10_15_x86_64.whl", hash = "sha256:0538747a9d7827ce3e16a8fdd201a99e661c7dee3c96c885d8ecba3c35d1032c"},
    {file = "lxml-4.9.1-pp37-pypy37_pp73-manylinux_2_12_i686.manylinux2010_i686.manylinux_2_24_i686.whl", hash = "sha256:0645e934e940107e2fdbe7c5b6fb8ec6232444260752598bc4d09511bd056c0b"},
    {file = "lxml-4.9.1-pp37-pypy37_pp73-manylinux_2_17_x86_64.manylinux2014_x86_64.manylinux_2_24_x86_64.whl", hash = "sha256:6daa662aba22ef3258934105be2dd9afa5bb45748f4f702a3b39a5bf53a1f4dc"},
    {file = "lxml-4.9.1-pp38-pypy38_pp73-macosx_10_15_x86_64.whl", hash = "sha256:603a464c2e67d8a546ddaa206d98e3246e5db05594b97db844c2f0a1af37cf5b"},
    {file = "lxml-4.9.1-pp38-pypy38_pp73-manylinux_2_12_i686.manylinux2010_i686.manylinux_2_24_i686.whl", hash = "sha256:c4b2e0559b68455c085fb0f6178e9752c4be3bba104d6e881eb5573b399d1eb2"},
    {file = "lxml-4.9.1-pp38-pypy38_pp73-manylinux_2_17_x86_64.manylinux2014_x86_64.manylinux_2_24_x86_64.whl", hash = "sha256:0f3f0059891d3254c7b5fb935330d6db38d6519ecd238ca4fce93c234b4a0f73"},
    {file = "lxml-4.9.1-pp39-pypy39_pp73-manylinux_2_12_i686.manylinux2010_i686.manylinux_2_24_i686.whl", hash = "sha256:c852b1530083a620cb0de5f3cd6826f19862bafeaf77586f1aef326e49d95f0c"},
    {file = "lxml-4.9.1-pp39-pypy39_pp73-manylinux_2_17_x86_64.manylinux2014_x86_64.manylinux_2_24_x86_64.whl", hash = "sha256:287605bede6bd36e930577c5925fcea17cb30453d96a7b4c63c14a257118dbb9"},
    {file = "lxml-4.9.1.tar.gz", hash = "sha256:fe749b052bb7233fe5d072fcb549221a8cb1a16725c47c37e42b0b9cb3ff2c3f"},
]
mccabe = [
    {file = "mccabe-0.6.1-py2.py3-none-any.whl", hash = "sha256:ab8a6258860da4b6677da4bd2fe5dc2c659cff31b3ee4f7f5d64e79735b80d42"},
    {file = "mccabe-0.6.1.tar.gz", hash = "sha256:dd8d182285a0fe56bace7f45b5e7d1a6ebcbf524e8f3bd87eb0f125271b8831f"},
]
mypy-extensions = [
    {file = "mypy_extensions-0.4.3-py2.py3-none-any.whl", hash = "sha256:090fedd75945a69ae91ce1303b5824f428daf5a028d2f6ab8a299250a846f15d"},
    {file = "mypy_extensions-0.4.3.tar.gz", hash = "sha256:2d82818f5bb3e369420cb3c4060a7970edba416647068eb4c5343488a6c604a8"},
]
packaging = [
    {file = "packaging-21.3-py3-none-any.whl", hash = "sha256:ef103e05f519cdc783ae24ea4e2e0f508a9c99b2d4969652eed6a2e1ea5bd522"},
    {file = "packaging-21.3.tar.gz", hash = "sha256:dd47c42927d89ab911e606518907cc2d3a1f38bbd026385970643f9c5b8ecfeb"},
]
pathspec = [
    {file = "pathspec-0.10.2-py3-none-any.whl", hash = "sha256:88c2606f2c1e818b978540f73ecc908e13999c6c3a383daf3705652ae79807a5"},
    {file = "pathspec-0.10.2.tar.gz", hash = "sha256:8f6bf73e5758fd365ef5d58ce09ac7c27d2833a8d7da51712eac6e27e35141b0"},
]
platformdirs = [
    {file = "platformdirs-2.5.4-py3-none-any.whl", hash = "sha256:af0276409f9a02373d540bf8480021a048711d572745aef4b7842dad245eba10"},
    {file = "platformdirs-2.5.4.tar.gz", hash = "sha256:1006647646d80f16130f052404c6b901e80ee4ed6bef6792e1f238a8969106f7"},
]
pluggy = [
    {file = "pluggy-1.0.0-py2.py3-none-any.whl", hash = "sha256:74134bbf457f031a36d68416e1509f34bd5ccc019f0bcc952c7b909d06b37bd3"},
    {file = "pluggy-1.0.0.tar.gz", hash = "sha256:4224373bacce55f955a878bf9cfa763c1e360858e330072059e10bad68531159"},
]
py = [
    {file = "py-1.11.0-py2.py3-none-any.whl", hash = "sha256:607c53218732647dff4acdfcd50cb62615cedf612e72d1724fb1a0cc6405b378"},
    {file = "py-1.11.0.tar.gz", hash = "sha256:51c75c4126074b472f746a24399ad32f6053d1b34b68d2fa41e558e6f4a98719"},
]
pycodestyle = [
    {file = "pycodestyle-2.7.0-py2.py3-none-any.whl", hash = "sha256:514f76d918fcc0b55c6680472f0a37970994e07bbb80725808c17089be302068"},
    {file = "pycodestyle-2.7.0.tar.gz", hash = "sha256:c389c1d06bf7904078ca03399a4816f974a1d590090fecea0c63ec26ebaf1cef"},
]
pyflakes = [
    {file = "pyflakes-2.3.1-py2.py3-none-any.whl", hash = "sha256:7893783d01b8a89811dd72d7dfd4d84ff098e5eed95cfa8905b22bbffe52efc3"},
    {file = "pyflakes-2.3.1.tar.gz", hash = "sha256:f5bc8ecabc05bb9d291eb5203d6810b49040f6ff446a756326104746cc00c1db"},
]
pyparsing = [
    {file = "pyparsing-3.0.9-py3-none-any.whl", hash = "sha256:5026bae9a10eeaefb61dab2f09052b9f4307d44aee4eda64b309723d8d206bbc"},
    {file = "pyparsing-3.0.9.tar.gz", hash = "sha256:2b020ecf7d21b687f219b71ecad3631f644a47f01403fa1d1036b0c6416d70fb"},
]
pytest = [
    {file = "pytest-6.2.5-py3-none-any.whl", hash = "sha256:7310f8d27bc79ced999e760ca304d69f6ba6c6649c0b60fb0e04a4a77cacc134"},
    {file = "pytest-6.2.5.tar.gz", hash = "sha256:131b36680866a76e6781d13f101efb86cf674ebb9762eb70d3082b6f29889e89"},
]
pytest-mock = [
    {file = "pytest-mock-3.10.0.tar.gz", hash = "sha256:fbbdb085ef7c252a326fd8cdcac0aa3b1333d8811f131bdcc701002e1be7ed4f"},
    {file = "pytest_mock-3.10.0-py3-none-any.whl", hash = "sha256:f4c973eeae0282963eb293eb173ce91b091a79c1334455acfac9ddee8a1c784b"},
]
requests = [
    {file = "requests-2.28.1-py3-none-any.whl", hash = "sha256:8fefa2a1a1365bf5520aac41836fbee479da67864514bdb821f31ce07ce65349"},
    {file = "requests-2.28.1.tar.gz", hash = "sha256:7c5599b102feddaa661c826c56ab4fee28bfd17f5abca1ebbe3e7f19d7c97983"},
]
responses = [
    {file = "responses-0.13.4-py2.py3-none-any.whl", hash = "sha256:d8d0f655710c46fd3513b9202a7f0dcedd02ca0f8cf4976f27fa8ab5b81e656d"},
    {file = "responses-0.13.4.tar.gz", hash = "sha256:9476775d856d3c24ae660bbebe29fb6d789d4ad16acd723efbfb6ee20990b899"},
]
six = [
    {file = "six-1.16.0-py2.py3-none-any.whl", hash = "sha256:8abb2f1d86890a2dfb989f9a77cfcfd3e47c2a354b01111771326f8aa26e0254"},
    {file = "six-1.16.0.tar.gz", hash = "sha256:1e61c37477a1626458e36f7b1d82aa5c9b094fa4802892072e49de9c60c4c926"},
]
toml = [
    {file = "toml-0.10.2-py2.py3-none-any.whl", hash = "sha256:806143ae5bfb6a3c6e736a764057db0e6a0e05e338b5630894a5f779cabb4f9b"},
    {file = "toml-0.10.2.tar.gz", hash = "sha256:b3bda1d108d5dd99f4a20d24d9c348e91c4db7ab1b749200bded2f839ccbe68f"},
]
tomli = [
    {file = "tomli-2.0.1-py3-none-any.whl", hash = "sha256:939de3e7a6161af0c887ef91b7d41a53e7c5a1ca976325f429cb46ea9bc30ecc"},
    {file = "tomli-2.0.1.tar.gz", hash = "sha256:de526c12914f0c550d15924c62d72abc48d6fe7364aa87328337a31007fe8a4f"},
]
tox = [
    {file = "tox-3.27.1-py2.py3-none-any.whl", hash = "sha256:f52ca66eae115fcfef0e77ef81fd107133d295c97c52df337adedb8dfac6ab84"},
    {file = "tox-3.27.1.tar.gz", hash = "sha256:b2a920e35a668cc06942ffd1cf3a4fb221a4d909ca72191fb6d84b0b18a7be04"},
]
typing-extensions = [
    {file = "typing_extensions-4.4.0-py3-none-any.whl", hash = "sha256:16fa4864408f655d35ec496218b85f79b3437c829e93320c7c9215ccfd92489e"},
    {file = "typing_extensions-4.4.0.tar.gz", hash = "sha256:1511434bb92bf8dd198c12b1cc812e800d4181cfcb867674e0f8279cc93087aa"},
]
urllib3 = [
    {file = "urllib3-1.26.13-py2.py3-none-any.whl", hash = "sha256:47cc05d99aaa09c9e72ed5809b60e7ba354e64b59c9c173ac3018642d8bb41fc"},
    {file = "urllib3-1.26.13.tar.gz", hash = "sha256:c083dd0dce68dbfbe1129d5271cb90f9447dea7d52097c6e0126120c521ddea8"},
]
virtualenv = [
    {file = "virtualenv-20.16.7-py3-none-any.whl", hash = "sha256:efd66b00386fdb7dbe4822d172303f40cd05e50e01740b19ea42425cbe653e29"},
    {file = "virtualenv-20.16.7.tar.gz", hash = "sha256:8691e3ff9387f743e00f6bb20f70121f5e4f596cae754531f2b3b3a1b1ac696e"},
]
